
Microsoft Visual Studio Solution File, Format Version 12.00
# Visual Studio Version 17
VisualStudioVersion = 17.12.35514.174
MinimumVisualStudioVersion = 10.0.40219.1
Project("{FAE04EC0-301F-11D3-BF4B-00C04F79EFBC}") = "FestivalManager", "FestivalManager.csproj", "{995A99CD-E25F-4EF8-83FF-2279CB67450D}"
EndProject
Project("{FAE04EC0-301F-11D3-BF4B-00C04F79EFBC}") = "FestivalWebAPI", "..\FestivalWebAPI\FestivalWebAPI.csproj", "{E3519F15-7767-4C11-9A2F-146C092E254C}"
EndProject
Global
	GlobalSection(SolutionConfigurationPlatforms) = preSolution
		Debug|Any CPU = Debug|Any CPU
		Release|Any CPU = Release|Any CPU
	EndGlobalSection
	GlobalSection(ProjectConfigurationPlatforms) = postSolution
		{995A99CD-E25F-4EF8-83FF-2279CB67450D}.Debug|Any CPU.ActiveCfg = Debug|Any CPU
		{995A99CD-E25F-4EF8-83FF-2279CB67450D}.Debug|Any CPU.Build.0 = Debug|Any CPU
		{995A99CD-E25F-4EF8-83FF-2279CB67450D}.Release|Any CPU.ActiveCfg = Release|Any CPU
		{995A99CD-E25F-4EF8-83FF-2279CB67450D}.Release|Any CPU.Build.0 = Release|Any CPU
		{E3519F15-7767-4C11-9A2F-146C092E254C}.Debug|Any CPU.ActiveCfg = Debug|Any CPU
		{E3519F15-7767-4C11-9A2F-146C092E254C}.Debug|Any CPU.Build.0 = Debug|Any CPU
		{E3519F15-7767-4C11-9A2F-146C092E254C}.Release|Any CPU.ActiveCfg = Release|Any CPU
		{E3519F15-7767-4C11-9A2F-146C092E254C}.Release|Any CPU.Build.0 = Release|Any CPU
	EndGlobalSection
	GlobalSection(SolutionProperties) = preSolution
		HideSolutionNode = FALSE
	EndGlobalSection
EndGlobal
